{
  "version": "2",
  "remote": {
    "https://deno.land/std@0.177.0/_util/asserts.ts": "178dfc49a464aee693a7e285567b3d0b555dc805ff490505a8aae34f9cfb1462",
    "https://deno.land/std@0.177.0/_util/os.ts": "d932f56d41e4f6a6093d56044e29ce637f8dcc43c5a90af43504a889cf1775e3",
    "https://deno.land/std@0.177.0/bytes/index_of_needle.ts": "65c939607df609374c4415598fa4dad04a2f14c4d98cd15775216f0aaf597f24",
    "https://deno.land/std@0.177.0/encoding/base64.ts": "7de04c2f8aeeb41453b09b186480be90f2ff357613b988e99fabb91d2eeceba1",
    "https://deno.land/std@0.177.0/encoding/base64url.ts": "3f1178f6446834457b16bfde8b559c1cd3481727fe384d3385e4a9995dc2d851",
    "https://deno.land/std@0.177.0/node/_core.ts": "9a58c0ef98ee77e9b8fcc405511d1b37a003a705eb6a9b6e95f75434d8009adc",
    "https://deno.land/std@0.177.0/node/_events.d.ts": "1347437fd6b084d7c9a4e16b9fe7435f00b030970086482edeeb3b179d0775af",
    "https://deno.land/std@0.177.0/node/_events.mjs": "d4ba4e629abe3db9f1b14659fd5c282b7da8b2b95eaf13238eee4ebb142a2448",
    "https://deno.land/std@0.177.0/node/_global.d.ts": "2d88342f38b4083b858998e27c706725fb03a74aa14ef8d985dc18438b5188e4",
    "https://deno.land/std@0.177.0/node/_next_tick.ts": "9a3cf107d59b019a355d3cf32275b4c6157282e4b68ea85b46a799cb1d379305",
    "https://deno.land/std@0.177.0/node/_process/exiting.ts": "6e336180aaabd1192bf99ffeb0d14b689116a3dec1dfb34a2afbacd6766e98ab",
    "https://deno.land/std@0.177.0/node/_process/process.ts": "c96bb1f6253824c372f4866ee006dcefda02b7050d46759736e403f862d91051",
    "https://deno.land/std@0.177.0/node/_process/stdio.mjs": "cf17727eac8da3a665851df700b5aca6a12bacc3ebbf33e63e4b919f80ba44a6",
    "https://deno.land/std@0.177.0/node/_stream.d.ts": "112e1a0677cd6db932c3ce0e6e5bbdc7a2ac1874572f449044ecc82afcf5ee2e",
    "https://deno.land/std@0.177.0/node/_stream.mjs": "d6e2c86c1158ac65b4c2ca4fa019d7e84374ff12e21e2175345fe68c0823efe3",
    "https://deno.land/std@0.177.0/node/_utils.ts": "7fd55872a0cf9275e3c080a60e2fa6d45b8de9e956ebcde9053e72a344185884",
    "https://deno.land/std@0.177.0/node/buffer.ts": "85617be2063eccaf177dbb84c7580d1e32023724ed14bd9df4e453b152a26167",
    "https://deno.land/std@0.177.0/node/events.ts": "d2de352d509de11a375e2cb397d6b98f5fed4e562fc1d41be33214903a38e6b0",
    "https://deno.land/std@0.177.0/node/internal/buffer.d.ts": "bdfa991cd88cb02fd08bf8235d2618550e3e511c970b2a8f2e1a6885a2793cac",
    "https://deno.land/std@0.177.0/node/internal/buffer.mjs": "e92303a3cc6d9aaabcd270a937ad9319825d9ba08cb332650944df4562029b27",
    "https://deno.land/std@0.177.0/node/internal/crypto/_keys.ts": "8f3c3b5a141aa0331a53c205e9338655f1b3b307a08085fd6ff6dda6f7c4190b",
    "https://deno.land/std@0.177.0/node/internal/crypto/constants.ts": "544d605703053218499b08214f2e25cf4310651d535b7ab995891c4b7a217693",
    "https://deno.land/std@0.177.0/node/internal/error_codes.ts": "8495e33f448a484518d76fa3d41d34fc20fe03c14b30130ad8e936b0035d4b8b",
    "https://deno.land/std@0.177.0/node/internal/errors.ts": "1c699b8a3cb93174f697a348c004b1c6d576b66688eac8a48ebb78e65c720aae",
    "https://deno.land/std@0.177.0/node/internal/fixed_queue.ts": "62bb119afa5b5ae8fc0c7048b50502347bec82e2588017d0b250c4671d6eff8f",
    "https://deno.land/std@0.177.0/node/internal/hide_stack_frames.ts": "9dd1bad0a6e62a1042ce3a51eb1b1ecee2f246907bff44835f86e8f021de679a",
    "https://deno.land/std@0.177.0/node/internal/normalize_encoding.mjs": "fd1d9df61c44d7196432f6e8244621468715131d18cc79cd299fc78ac549f707",
    "https://deno.land/std@0.177.0/node/internal/primordials.mjs": "a72d86b5aa55d3d50b8e916b6a59b7cc0dc5a31da8937114b4a113ad5aa08c74",
    "https://deno.land/std@0.177.0/node/internal/streams/destroy.mjs": "b665fc71178919a34ddeac8389d162a81b4bc693ff7dc2557fa41b3a91011967",
    "https://deno.land/std@0.177.0/node/internal/streams/end-of-stream.mjs": "a4fb1c2e32d58dff440d4e716e2c4daaa403b3095304a028bb428575cfeed716",
    "https://deno.land/std@0.177.0/node/internal/streams/utils.mjs": "f2fe2e6bdc506da24c758970890cc2a21642045b129dee618bd3827c60dd9e33",
    "https://deno.land/std@0.177.0/node/internal/util.mjs": "f7fe2e1ca5e66f550ad0856b9f5ee4d666f0c071fe212ea7fc7f37cfa81f97a5",
    "https://deno.land/std@0.177.0/node/internal/util/inspect.mjs": "11d7c9cab514b8e485acc3978c74b837263ff9c08ae4537fa18ad56bae633259",
    "https://deno.land/std@0.177.0/node/internal/util/types.ts": "0e587b44ec5e017cf228589fc5ce9983b75beece6c39409c34170cfad49d6417",
    "https://deno.land/std@0.177.0/node/internal/validators.mjs": "e02f2b02dd072a5d623970292588d541204dc82207b4c58985d933a5f4b382e6",
    "https://deno.land/std@0.177.0/node/internal_binding/_libuv_winerror.ts": "30c9569603d4b97a1f1a034d88a3f74800d5ea1f12fcc3d225c9899d4e1a518b",
    "https://deno.land/std@0.177.0/node/internal_binding/_node.ts": "cb2389b0eab121df99853eb6a5e3a684e4537e065fb8bf2cca0cbf219ce4e32e",
    "https://deno.land/std@0.177.0/node/internal_binding/_utils.ts": "7c58a2fbb031a204dee9583ba211cf9c67922112fe77e7f0b3226112469e9fe1",
    "https://deno.land/std@0.177.0/node/internal_binding/_winerror.ts": "3e8cfdfe22e89f13d2b28529bab35155e6b1730c0221ec5a6fc7077dc037be13",
    "https://deno.land/std@0.177.0/node/internal_binding/buffer.ts": "31729e0537921d6c730ad0afea44a7e8a0a1044d070ade8368226cb6f7390c8b",
    "https://deno.land/std@0.177.0/node/internal_binding/constants.ts": "21ff9d1ee71d0a2086541083a7711842fc6ae25e264dbf45c73815aadce06f4c",
    "https://deno.land/std@0.177.0/node/internal_binding/string_decoder.ts": "54c3c1cbd5a9254881be58bf22637965dc69535483014dab60487e299cb95445",
    "https://deno.land/std@0.177.0/node/internal_binding/types.ts": "2187595a58d2cf0134f4db6cc2a12bf777f452f52b15b6c3aed73fa072aa5fc3",
    "https://deno.land/std@0.177.0/node/internal_binding/util.ts": "808ff3b92740284184ab824adfc420e75398c88c8bccf5111f0c24ac18c48f10",
    "https://deno.land/std@0.177.0/node/internal_binding/uv.ts": "eb0048e30af4db407fb3f95563e30d70efd6187051c033713b0a5b768593a3a3",
    "https://deno.land/std@0.177.0/node/stream.ts": "09e348302af40dcc7dc58aa5e40fdff868d11d8d6b0cfb85cbb9c75b9fe450c7",
    "https://deno.land/std@0.177.0/node/string_decoder.ts": "1a17e3572037c512cc5fc4b29076613e90f225474362d18da908cb7e5ccb7e88",
    "https://deno.land/std@0.181.0/_util/asserts.ts": "178dfc49a464aee693a7e285567b3d0b555dc805ff490505a8aae34f9cfb1462",
    "https://deno.land/std@0.181.0/_util/os.ts": "d932f56d41e4f6a6093d56044e29ce637f8dcc43c5a90af43504a889cf1775e3",
    "https://deno.land/std@0.181.0/bytes/bytes_list.ts": "b4cbdfd2c263a13e8a904b12d082f6177ea97d9297274a4be134e989450dfa6a",
    "https://deno.land/std@0.181.0/bytes/concat.ts": "d26d6f3d7922e6d663dacfcd357563b7bf4a380ce5b9c2bbe0c8586662f25ce2",
    "https://deno.land/std@0.181.0/bytes/copy.ts": "939d89e302a9761dcf1d9c937c7711174ed74c59eef40a1e4569a05c9de88219",
    "https://deno.land/std@0.181.0/bytes/ends_with.ts": "4228811ebc71615d27f065c54b5e815ec1972538772b0f413c0efe05245b472e",
    "https://deno.land/std@0.181.0/bytes/equals.ts": "b87494ce5442dc786db46f91378100028c402f83a14a2f7bbff6bda7810aefe3",
    "https://deno.land/std@0.181.0/bytes/includes_needle.ts": "76a8163126fb2f8bf86fd7f22192c3bb04bf6a20b987a095127c2ca08adf3ba6",
    "https://deno.land/std@0.181.0/bytes/index_of_needle.ts": "65c939607df609374c4415598fa4dad04a2f14c4d98cd15775216f0aaf597f24",
    "https://deno.land/std@0.181.0/bytes/last_index_of_needle.ts": "7181072883cb4908c6ce8f7a5bb1d96787eef2c2ab3aa94fe4268ab326a53cbf",
    "https://deno.land/std@0.181.0/bytes/mod.ts": "e869bba1e7a2e3a9cc6c2d55471888429a544e70a840c087672e656e7ba21815",
    "https://deno.land/std@0.181.0/bytes/repeat.ts": "6f5e490d8d72bcbf8d84a6bb04690b9b3eb5822c5a11687bca73a2318a842294",
    "https://deno.land/std@0.181.0/bytes/starts_with.ts": "3e607a70c9c09f5140b7a7f17a695221abcc7244d20af3eb47ccbb63f5885135",
    "https://deno.land/std@0.181.0/fmt/colors.ts": "d67e3cd9f472535241a8e410d33423980bec45047e343577554d3356e1f0ef4e",
    "https://deno.land/std@0.181.0/path/_constants.ts": "e49961f6f4f48039c0dfed3c3f93e963ca3d92791c9d478ac5b43183413136e0",
    "https://deno.land/std@0.181.0/path/_interface.ts": "6471159dfbbc357e03882c2266d21ef9afdb1e4aa771b0545e90db58a0ba314b",
    "https://deno.land/std@0.181.0/path/_util.ts": "d7abb1e0dea065f427b89156e28cdeb32b045870acdf865833ba808a73b576d0",
    "https://deno.land/std@0.181.0/path/common.ts": "ee7505ab01fd22de3963b64e46cff31f40de34f9f8de1fff6a1bd2fe79380000",
    "https://deno.land/std@0.181.0/path/glob.ts": "d479e0a695621c94d3fd7fe7abd4f9499caf32a8de13f25073451c6ef420a4e1",
    "https://deno.land/std@0.181.0/path/mod.ts": "bf718f19a4fdd545aee1b06409ca0805bd1b68ecf876605ce632e932fe54510c",
    "https://deno.land/std@0.181.0/path/posix.ts": "8b7c67ac338714b30c816079303d0285dd24af6b284f7ad63da5b27372a2c94d",
    "https://deno.land/std@0.181.0/path/separator.ts": "0fb679739d0d1d7bf45b68dacfb4ec7563597a902edbaf3c59b50d5bcadd93b1",
    "https://deno.land/std@0.181.0/path/win32.ts": "d186344e5583bcbf8b18af416d13d82b35a317116e6460a5a3953508c3de5bba",
    "https://deno.land/std@0.181.0/testing/_diff.ts": "1a3c044aedf77647d6cac86b798c6417603361b66b54c53331b312caeb447aea",
    "https://deno.land/std@0.181.0/testing/_format.ts": "a69126e8a469009adf4cf2a50af889aca364c349797e63174884a52ff75cf4c7",
    "https://deno.land/std@0.181.0/testing/asserts.ts": "e16d98b4d73ffc4ed498d717307a12500ae4f2cbe668f1a215632d19fcffc22f",
    "https://deno.land/std@0.187.0/_util/asserts.ts": "178dfc49a464aee693a7e285567b3d0b555dc805ff490505a8aae34f9cfb1462",
    "https://deno.land/std@0.187.0/_util/os.ts": "d932f56d41e4f6a6093d56044e29ce637f8dcc43c5a90af43504a889cf1775e3",
    "https://deno.land/std@0.187.0/path/_constants.ts": "e49961f6f4f48039c0dfed3c3f93e963ca3d92791c9d478ac5b43183413136e0",
    "https://deno.land/std@0.187.0/path/_interface.ts": "6471159dfbbc357e03882c2266d21ef9afdb1e4aa771b0545e90db58a0ba314b",
    "https://deno.land/std@0.187.0/path/_util.ts": "d7abb1e0dea065f427b89156e28cdeb32b045870acdf865833ba808a73b576d0",
    "https://deno.land/std@0.187.0/path/common.ts": "ee7505ab01fd22de3963b64e46cff31f40de34f9f8de1fff6a1bd2fe79380000",
    "https://deno.land/std@0.187.0/path/glob.ts": "d479e0a695621c94d3fd7fe7abd4f9499caf32a8de13f25073451c6ef420a4e1",
    "https://deno.land/std@0.187.0/path/mod.ts": "ee161baec5ded6510ee1d1fb6a75a0f5e4b41f3f3301c92c716ecbdf7dae910d",
    "https://deno.land/std@0.187.0/path/posix.ts": "8b7c67ac338714b30c816079303d0285dd24af6b284f7ad63da5b27372a2c94d",
    "https://deno.land/std@0.187.0/path/separator.ts": "0fb679739d0d1d7bf45b68dacfb4ec7563597a902edbaf3c59b50d5bcadd93b1",
    "https://deno.land/std@0.187.0/path/win32.ts": "d186344e5583bcbf8b18af416d13d82b35a317116e6460a5a3953508c3de5bba",
    "https://deno.land/std@0.190.0/_util/asserts.ts": "178dfc49a464aee693a7e285567b3d0b555dc805ff490505a8aae34f9cfb1462",
    "https://deno.land/std@0.190.0/_util/os.ts": "d932f56d41e4f6a6093d56044e29ce637f8dcc43c5a90af43504a889cf1775e3",
    "https://deno.land/std@0.190.0/path/_constants.ts": "e49961f6f4f48039c0dfed3c3f93e963ca3d92791c9d478ac5b43183413136e0",
    "https://deno.land/std@0.190.0/path/_interface.ts": "6471159dfbbc357e03882c2266d21ef9afdb1e4aa771b0545e90db58a0ba314b",
    "https://deno.land/std@0.190.0/path/_util.ts": "d7abb1e0dea065f427b89156e28cdeb32b045870acdf865833ba808a73b576d0",
    "https://deno.land/std@0.190.0/path/common.ts": "ee7505ab01fd22de3963b64e46cff31f40de34f9f8de1fff6a1bd2fe79380000",
    "https://deno.land/std@0.190.0/path/glob.ts": "d479e0a695621c94d3fd7fe7abd4f9499caf32a8de13f25073451c6ef420a4e1",
    "https://deno.land/std@0.190.0/path/mod.ts": "ee161baec5ded6510ee1d1fb6a75a0f5e4b41f3f3301c92c716ecbdf7dae910d",
    "https://deno.land/std@0.190.0/path/posix.ts": "8b7c67ac338714b30c816079303d0285dd24af6b284f7ad63da5b27372a2c94d",
    "https://deno.land/std@0.190.0/path/separator.ts": "0fb679739d0d1d7bf45b68dacfb4ec7563597a902edbaf3c59b50d5bcadd93b1",
    "https://deno.land/std@0.190.0/path/win32.ts": "d186344e5583bcbf8b18af416d13d82b35a317116e6460a5a3953508c3de5bba",
    "https://deno.land/x/mock_file@v1.1.2/mod.ts": "57b111ba84b5611c09ed82ef300dd063eb278ef68bd286d5149e5b018eb8948d",
    "https://deno.land/x/mock_file@v1.1.2/src/memory_file.ts": "24817e782c819cdfb48b9459dc8ad568e8fb2cd2934cd5b775688147e6dc4cbd",
    "https://deno.land/x/mock_file@v1.1.2/src/polyfill.ts": "f10f05ec2493cb1e029b30cd211a21803b7683d811813d519696aa2939529b35",
    "https://deno.land/x/sqlite@v3.7.2/build/sqlite.d.ts": "d724a21a588a0e19ae46a3476349fe5d75e896735e7362ea8cf997ffad35d0f9",
    "https://deno.land/x/sqlite@v3.7.2/build/sqlite.js": "c59f109f100c2bae0b9342f04e0d400583e2e3211d08bb71095177a4109ee5bf",
    "https://deno.land/x/sqlite@v3.7.2/build/vfs.js": "08533cc78fb29b9d9bd62f6bb93e5ef333407013fed185776808f11223ba0e70",
    "https://deno.land/x/sqlite@v3.7.2/mod.ts": "e09fc79d8065fe222578114b109b1fd60077bff1bb75448532077f784f4d6a83",
    "https://deno.land/x/sqlite@v3.7.2/src/constants.ts": "90f3be047ec0a89bcb5d6fc30db121685fc82cb00b1c476124ff47a4b0472aa9",
    "https://deno.land/x/sqlite@v3.7.2/src/db.ts": "62f3ad4d593c07e7c64fbbd97da6b4579ea695f8d11d52d899661e9d42a400fd",
    "https://deno.land/x/sqlite@v3.7.2/src/error.ts": "f7a15cb00d7c3797da1aefee3cf86d23e0ae92e73f0ba3165496c3816ab9503a",
    "https://deno.land/x/sqlite@v3.7.2/src/function.ts": "e4c83b8ec64bf88bafad2407376b0c6a3b54e777593c70336fb40d43a79865f2",
    "https://deno.land/x/sqlite@v3.7.2/src/query.ts": "d58abda928f6582d77bad685ecf551b1be8a15e8e38403e293ec38522e030cad",
    "https://deno.land/x/sqlite@v3.7.2/src/wasm.ts": "e79d0baa6e42423257fb3c7cc98091c54399254867e0f34a09b5bdef37bd9487",
    "https://esm.sh/v124/*@orama/plugin-data-persistence@1.0.4/server": "3de2a2afac94a6b38ef7ad232ce488162b6c1e898ab4f414824a0b744b4d308b",
    "https://esm.sh/v124/@msgpack/msgpack@2.8.0": "1d903e930010db9e9313bc305e98aaa065e7933ca94697fe88f0c3a848319415",
    "https://esm.sh/v124/@msgpack/msgpack@2.8.0/denonext/msgpack.mjs": "c185ff220107cdbbf6f10bd61aa423c9498b4dcab827259b9bef0446f652f77f",
    "https://esm.sh/v124/@msgpack/msgpack@2.8.0/dist/CachedKeyDecoder.d.ts": "c10bc11463f1636f0130dfcc06c7e41908f250defdf1ee17c517654f014a8b32",
    "https://esm.sh/v124/@msgpack/msgpack@2.8.0/dist/DecodeError.d.ts": "92d336c64a358427c66973be728c8af7c3181cf2e766423ca6bde047d703668a",
    "https://esm.sh/v124/@msgpack/msgpack@2.8.0/dist/Decoder.d.ts": "f716f70240d0001b8ec84e0b346ac664afcaccba69872b25c819eb656dd91619",
    "https://esm.sh/v124/@msgpack/msgpack@2.8.0/dist/Encoder.d.ts": "dbcef3f85d2210c6b1398e881f47583aad69e1fbbfc83d225ac5230005f23058",
    "https://esm.sh/v124/@msgpack/msgpack@2.8.0/dist/ExtData.d.ts": "de277c67790951196ea64bb341b2cf684a9319ae4dac61c1d62280b5371598bb",
    "https://esm.sh/v124/@msgpack/msgpack@2.8.0/dist/ExtensionCodec.d.ts": "1318a23547af8af9807978ad0292464eeef46ba4e8641e82e2e975a615ad9716",
    "https://esm.sh/v124/@msgpack/msgpack@2.8.0/dist/context.d.ts": "63a15e7728d66c25dcda587653da8ff5ce043f5421d410c4badcc570f4099ca5",
    "https://esm.sh/v124/@msgpack/msgpack@2.8.0/dist/decode.d.ts": "2859aada192e51eec4b4326f36c4567687861b456fa2e0966cbf93dd21bbbfed",
    "https://esm.sh/v124/@msgpack/msgpack@2.8.0/dist/decodeAsync.d.ts": "8aff56825a9608674713cc37362d8df00a417c8740f06cdfce0a3af02fda7f6d",
    "https://esm.sh/v124/@msgpack/msgpack@2.8.0/dist/encode.d.ts": "7b4fc602e531305025a8ba3cec0982dc32eb53312df501754e2e0b616e146ddf",
    "https://esm.sh/v124/@msgpack/msgpack@2.8.0/dist/index.d.ts": "80ada7a74c443b9e94161eff657bcfc2069dda73db3924a2ae22dac2c3b79b3c",
    "https://esm.sh/v124/@msgpack/msgpack@2.8.0/dist/timestamp.d.ts": "0fa539c59b06154da34b1d44195089399bb6f0f86092dd8761a35339518dc2ca",
    "https://esm.sh/v124/@msgpack/msgpack@2.8.0/dist/utils/stream.d.ts": "3d76bf12d97ef4ed9b0803ae602b67f035b55cc4de355958c4ed3cba83319739",
    "https://esm.sh/v124/@orama/orama@1.0.4": "84f42118d81eaef11e6822d003417e89ec6d28ffbe9b6a47c67a8edb7aef9317",
    "https://esm.sh/v124/@orama/orama@1.0.4/denonext/orama.mjs": "24c4e726af67fd4c47ec7197a0f8e1a88cc64e34f537cfe249c1f44958db62ad",
    "https://esm.sh/v124/@orama/orama@1.0.4/dist/components/index.d.ts": "a079586b06ea78c3b645c4c5f80b3b8c5e36b1f9d3c9db854b5629cb5733c7cb",
    "https://esm.sh/v124/@orama/orama@1.0.4/dist/components/levenshtein.d.ts": "86cb9c910c55217b3278419db2f50f58eaf945d6500ea7906c8f990d196ea4f5",
    "https://esm.sh/v124/@orama/orama@1.0.4/dist/components/tokenizer/languages.d.ts": "339ea88dd13c1d086f1cd27fb83621b21e348dd760f39d1b38f1d67247fb5e46",
    "https://esm.sh/v124/@orama/orama@1.0.4/dist/index.d.ts": "ef8e68c5c1c96b8f9940b02abb2f2749662f75a089ccf767536bfaf4fac862c5",
    "https://esm.sh/v124/@orama/orama@1.0.4/dist/internals.d.ts": "67cc7591bd70fb0200412aa9d420a24aa8003b63cef58583bbd3681288bb7196",
    "https://esm.sh/v124/@orama/orama@1.0.4/dist/methods/create.d.ts": "cb0fd80ce4aab014916ada2d27eab21bdfb472f727f318d792522a9d93f478fe",
    "https://esm.sh/v124/@orama/orama@1.0.4/dist/methods/docs.d.ts": "94e90b09d7abd01fe64a8bee1326c2182647ccc59abb4aa3084fa339ee16a560",
    "https://esm.sh/v124/@orama/orama@1.0.4/dist/methods/insert.d.ts": "5ceb5428bf4ec55f6a22c99ddd95308f3bf512508673a0a377f8df82715724d9",
    "https://esm.sh/v124/@orama/orama@1.0.4/dist/methods/remove.d.ts": "0d62ab07d85c7389b902525e22effa35c81ca679b360f4bc92a1e4064a3a0d72",
    "https://esm.sh/v124/@orama/orama@1.0.4/dist/methods/search.d.ts": "50e88ed088034ce4dc1ef7bef5eada432348281fb550d085e1fbac35d5c339cc",
    "https://esm.sh/v124/@orama/orama@1.0.4/dist/methods/serialization.d.ts": "14cc4ff52b695573ab2407f9c2712f31102e76b7d189f6dfdc80335351f16cf8",
    "https://esm.sh/v124/@orama/orama@1.0.4/dist/methods/update.d.ts": "a9763dd6a9b929a747dcd0b424f1cb7f7d392b7b956ba11b704a100b2a843234",
    "https://esm.sh/v124/@orama/orama@1.0.4/dist/trees/avl.d.ts": "7063031149b7413ab3b80689cb526e3257c9c2e890d65a48faffe9a9a0ee59ce",
    "https://esm.sh/v124/@orama/orama@1.0.4/dist/trees/radix.d.ts": "47516db608f8a1940d3fa06c5b70f1ce8fa61c7a9c0cf9dd94d8ba2e9e66a8c9",
    "https://esm.sh/v124/@orama/orama@1.0.4/dist/types.d.ts": "42b4b2db9a1b928160cafc5ea695260a0c5735b353b16712fb5df329524f8def",
    "https://esm.sh/v124/@orama/orama@1.0.4/dist/utils.d.ts": "5c4ac0de6e4a25d60929f08f084b614af812eb3de67df3e1b44a2d0634c3e690",
    "https://esm.sh/v124/@orama/plugin-data-persistence@1.0.4/X-ZS8q/denonext/server.js": "bf4c22e08a36697168fbc9029d8b66d1491893e537bec203fcf30df3ca0521d1",
    "https://esm.sh/v124/@orama/plugin-data-persistence@1.0.4/X-ZS8q/dist/server.d.ts": "b66334a5474b6d54f2c4e1f8fd804774ebab2e5c885caba3ccea8b54b0dc4aa2",
    "https://esm.sh/v124/@orama/plugin-data-persistence@1.0.4/X-ZS8q/dist/types.d.ts": "d7043f7dc411c0f2c3c5caaf622cea348758ebe6138206e8e97b6aeffc4d25a8",
    "https://esm.sh/v124/dpack@0.6.22": "78555677034537e2e144d75ebfd780acbecde586f84db67c2832a6df6f13e3e0",
    "https://esm.sh/v124/dpack@0.6.22/deno/dpack.mjs": "8b4902fbfcb9e2cd3a167d5987bcee59e237e251aefa58119e0bd6fa93cbbdd2"
  }
}
